
Microsoft Visual Studio Solution File, Format Version 12.00
# Visual Studio 15
VisualStudioVersion = 15.0.28010.2016
MinimumVisualStudioVersion = 10.0.40219.1
Project("{FAE04EC0-301F-11D3-BF4B-00C04F79EFBC}") = "PictureViewer", "PictureViewer\PictureViewer.csproj", "{AF9C36AC-2AA5-4C6E-ADEA-7F5A9FDB9B28}"
EndProject
Global
	GlobalSection(SolutionConfigurationPlatforms) = preSolution
		Debug|Any CPU = Debug|Any CPU
		Release|Any CPU = Release|Any CPU
	EndGlobalSection
	GlobalSection(ProjectConfigurationPlatforms) = postSolution
		{AF9C36AC-2AA5-4C6E-ADEA-7F5A9FDB9B28}.Debug|Any CPU.ActiveCfg = Debug|Any CPU
		{AF9C36AC-2AA5-4C6E-ADEA-7F5A9FDB9B28}.Debug|Any CPU.Build.0 = Debug|Any CPU
		{AF9C36AC-2AA5-4C6E-ADEA-7F5A9FDB9B28}.Release|Any CPU.ActiveCfg = Release|Any CPU
		{AF9C36AC-2AA5-4C6E-ADEA-7F5A9FDB9B28}.Release|Any CPU.Build.0 = Release|Any CPU
	EndGlobalSection
	GlobalSection(SolutionProperties) = preSolution
		HideSolutionNode = FALSE
	EndGlobalSection
	GlobalSection(ExtensibilityGlobals) = postSolution
		SolutionGuid = {E2D2B1B4-F0B6-4072-BE50-5E0097D9D31D}
	EndGlobalSection
EndGlobal
